
Microsoft Visual Studio Solution File, Format Version 12.00
# Visual Studio 15
VisualStudioVersion = 15.0.26730.8
MinimumVisualStudioVersion = 10.0.40219.1
Project("{FAE04EC0-301F-11D3-BF4B-00C04F79EFBC}") = "adapterPattern", "adapterPattern\adapterPattern.csproj", "{1C9ACA73-80D2-49B4-8234-120FF4CCE4A9}"
EndProject
Global
	GlobalSection(SolutionConfigurationPlatforms) = preSolution
		Debug|Any CPU = Debug|Any CPU
		Release|Any CPU = Release|Any CPU
	EndGlobalSection
	GlobalSection(ProjectConfigurationPlatforms) = postSolution
		{1C9ACA73-80D2-49B4-8234-120FF4CCE4A9}.Debug|Any CPU.ActiveCfg = Debug|Any CPU
		{1C9ACA73-80D2-49B4-8234-120FF4CCE4A9}.Debug|Any CPU.Build.0 = Debug|Any CPU
		{1C9ACA73-80D2-49B4-8234-120FF4CCE4A9}.Release|Any CPU.ActiveCfg = Release|Any CPU
		{1C9ACA73-80D2-49B4-8234-120FF4CCE4A9}.Release|Any CPU.Build.0 = Release|Any CPU
	EndGlobalSection
	GlobalSection(SolutionProperties) = preSolution
		HideSolutionNode = FALSE
	EndGlobalSection
	GlobalSection(ExtensibilityGlobals) = postSolution
		SolutionGuid = {960E1224-8B8F-43F6-8D31-7230FC6144C3}
	EndGlobalSection
EndGlobal
